
Microsoft Visual Studio Solution File, Format Version 12.00
# Visual Studio 15
Project("{FAE04EC0-301F-11D3-BF4B-00C04F79EFBC}") = "pongsharp", "pongsharp\pongsharp.csproj", "{C89545E6-4FDB-42F5-A0E6-407D7DE3839B}"
EndProject
Global
	GlobalSection(SolutionConfigurationPlatforms) = preSolution
		Debug|Any CPU = Debug|Any CPU
		Release|Any CPU = Release|Any CPU
	EndGlobalSection
	GlobalSection(ProjectConfigurationPlatforms) = postSolution
		{C89545E6-4FDB-42F5-A0E6-407D7DE3839B}.Debug|Any CPU.ActiveCfg = Debug|Any CPU
		{C89545E6-4FDB-42F5-A0E6-407D7DE3839B}.Debug|Any CPU.Build.0 = Debug|Any CPU
		{C89545E6-4FDB-42F5-A0E6-407D7DE3839B}.Release|Any CPU.ActiveCfg = Release|Any CPU
		{C89545E6-4FDB-42F5-A0E6-407D7DE3839B}.Release|Any CPU.Build.0 = Release|Any CPU
	EndGlobalSection
EndGlobal
